
Microsoft Visual Studio Solution File, Format Version 12.00
# Visual Studio Version 17
VisualStudioVersion = 17.4.33205.214
MinimumVisualStudioVersion = 10.0.40219.1
Project("{9A19103F-16F7-4668-BE54-9A1E7A4F7556}") = "OMMS.Core", "OMMS.Core\OMMS.Core.csproj", "{91433571-9A40-4B38-B7BE-775F0692AE6C}"
EndProject
Project("{C7167F0D-BC9F-4E6E-AFE1-012C56B48DB5}") = "OMMS.Desktop (Package)", "OMMS.Desktop\OMMS.Desktop (Package)\OMMS.Desktop (Package).wapproj", "{21F3F566-27A0-43F8-B13A-B965D2AC02A4}"
EndProject
Project("{9A19103F-16F7-4668-BE54-9A1E7A4F7556}") = "OMMS.Desktop", "OMMS.Desktop\OMMS.Desktop\OMMS.Desktop.csproj", "{5C594232-1AA6-4489-BCFA-4163EE1C0A65}"
EndProject
Project("{9A19103F-16F7-4668-BE54-9A1E7A4F7556}") = "OMMS.ConsoleApp", "OMMS.ConsoleApp\OMMS.ConsoleApp.csproj", "{DF0B4ECC-4A44-4644-812A-9EBF9CE8F12A}"
EndProject
Global
	GlobalSection(SolutionConfigurationPlatforms) = preSolution
		Debug|Any CPU = Debug|Any CPU
		Debug|ARM64 = Debug|ARM64
		Debug|x64 = Debug|x64
		Debug|x86 = Debug|x86
		Release|Any CPU = Release|Any CPU
		Release|ARM64 = Release|ARM64
		Release|x64 = Release|x64
		Release|x86 = Release|x86
	EndGlobalSection
	GlobalSection(ProjectConfigurationPlatforms) = postSolution
		{91433571-9A40-4B38-B7BE-775F0692AE6C}.Debug|Any CPU.ActiveCfg = Debug|Any CPU
		{91433571-9A40-4B38-B7BE-775F0692AE6C}.Debug|Any CPU.Build.0 = Debug|Any CPU
		{91433571-9A40-4B38-B7BE-775F0692AE6C}.Debug|ARM64.ActiveCfg = Debug|Any CPU
		{91433571-9A40-4B38-B7BE-775F0692AE6C}.Debug|ARM64.Build.0 = Debug|Any CPU
		{91433571-9A40-4B38-B7BE-775F0692AE6C}.Debug|x64.ActiveCfg = Debug|Any CPU
		{91433571-9A40-4B38-B7BE-775F0692AE6C}.Debug|x64.Build.0 = Debug|Any CPU
		{91433571-9A40-4B38-B7BE-775F0692AE6C}.Debug|x86.ActiveCfg = Debug|Any CPU
		{91433571-9A40-4B38-B7BE-775F0692AE6C}.Debug|x86.Build.0 = Debug|Any CPU
		{91433571-9A40-4B38-B7BE-775F0692AE6C}.Release|Any CPU.ActiveCfg = Release|Any CPU
		{91433571-9A40-4B38-B7BE-775F0692AE6C}.Release|Any CPU.Build.0 = Release|Any CPU
		{91433571-9A40-4B38-B7BE-775F0692AE6C}.Release|ARM64.ActiveCfg = Release|Any CPU
		{91433571-9A40-4B38-B7BE-775F0692AE6C}.Release|ARM64.Build.0 = Release|Any CPU
		{91433571-9A40-4B38-B7BE-775F0692AE6C}.Release|x64.ActiveCfg = Release|Any CPU
		{91433571-9A40-4B38-B7BE-775F0692AE6C}.Release|x64.Build.0 = Release|Any CPU
		{91433571-9A40-4B38-B7BE-775F0692AE6C}.Release|x86.ActiveCfg = Release|Any CPU
		{91433571-9A40-4B38-B7BE-775F0692AE6C}.Release|x86.Build.0 = Release|Any CPU
		{21F3F566-27A0-43F8-B13A-B965D2AC02A4}.Debug|Any CPU.ActiveCfg = Debug|x64
		{21F3F566-27A0-43F8-B13A-B965D2AC02A4}.Debug|Any CPU.Build.0 = Debug|x64
		{21F3F566-27A0-43F8-B13A-B965D2AC02A4}.Debug|Any CPU.Deploy.0 = Debug|x64
		{21F3F566-27A0-43F8-B13A-B965D2AC02A4}.Debug|ARM64.ActiveCfg = Debug|ARM64
		{21F3F566-27A0-43F8-B13A-B965D2AC02A4}.Debug|ARM64.Build.0 = Debug|ARM64
		{21F3F566-27A0-43F8-B13A-B965D2AC02A4}.Debug|ARM64.Deploy.0 = Debug|ARM64
		{21F3F566-27A0-43F8-B13A-B965D2AC02A4}.Debug|x64.ActiveCfg = Debug|x64
		{21F3F566-27A0-43F8-B13A-B965D2AC02A4}.Debug|x64.Build.0 = Debug|x64
		{21F3F566-27A0-43F8-B13A-B965D2AC02A4}.Debug|x64.Deploy.0 = Debug|x64
		{21F3F566-27A0-43F8-B13A-B965D2AC02A4}.Debug|x86.ActiveCfg = Debug|x86
		{21F3F566-27A0-43F8-B13A-B965D2AC02A4}.Debug|x86.Build.0 = Debug|x86
		{21F3F566-27A0-43F8-B13A-B965D2AC02A4}.Debug|x86.Deploy.0 = Debug|x86
		{21F3F566-27A0-43F8-B13A-B965D2AC02A4}.Release|Any CPU.ActiveCfg = Release|x64
		{21F3F566-27A0-43F8-B13A-B965D2AC02A4}.Release|Any CPU.Build.0 = Release|x64
		{21F3F566-27A0-43F8-B13A-B965D2AC02A4}.Release|Any CPU.Deploy.0 = Release|x64
		{21F3F566-27A0-43F8-B13A-B965D2AC02A4}.Release|ARM64.ActiveCfg = Release|ARM64
		{21F3F566-27A0-43F8-B13A-B965D2AC02A4}.Release|ARM64.Build.0 = Release|ARM64
		{21F3F566-27A0-43F8-B13A-B965D2AC02A4}.Release|ARM64.Deploy.0 = Release|ARM64
		{21F3F566-27A0-43F8-B13A-B965D2AC02A4}.Release|x64.ActiveCfg = Release|x64
		{21F3F566-27A0-43F8-B13A-B965D2AC02A4}.Release|x64.Build.0 = Release|x64
		{21F3F566-27A0-43F8-B13A-B965D2AC02A4}.Release|x64.Deploy.0 = Release|x64
		{21F3F566-27A0-43F8-B13A-B965D2AC02A4}.Release|x86.ActiveCfg = Release|x86
		{21F3F566-27A0-43F8-B13A-B965D2AC02A4}.Release|x86.Build.0 = Release|x86
		{21F3F566-27A0-43F8-B13A-B965D2AC02A4}.Release|x86.Deploy.0 = Release|x86
		{5C594232-1AA6-4489-BCFA-4163EE1C0A65}.Debug|Any CPU.ActiveCfg = Debug|x64
		{5C594232-1AA6-4489-BCFA-4163EE1C0A65}.Debug|Any CPU.Build.0 = Debug|x64
		{5C594232-1AA6-4489-BCFA-4163EE1C0A65}.Debug|ARM64.ActiveCfg = Debug|ARM64
		{5C594232-1AA6-4489-BCFA-4163EE1C0A65}.Debug|ARM64.Build.0 = Debug|ARM64
		{5C594232-1AA6-4489-BCFA-4163EE1C0A65}.Debug|x64.ActiveCfg = Debug|x64
		{5C594232-1AA6-4489-BCFA-4163EE1C0A65}.Debug|x64.Build.0 = Debug|x64
		{5C594232-1AA6-4489-BCFA-4163EE1C0A65}.Debug|x86.ActiveCfg = Debug|x86
		{5C594232-1AA6-4489-BCFA-4163EE1C0A65}.Debug|x86.Build.0 = Debug|x86
		{5C594232-1AA6-4489-BCFA-4163EE1C0A65}.Release|Any CPU.ActiveCfg = Release|x64
		{5C594232-1AA6-4489-BCFA-4163EE1C0A65}.Release|Any CPU.Build.0 = Release|x64
		{5C594232-1AA6-4489-BCFA-4163EE1C0A65}.Release|ARM64.ActiveCfg = Release|ARM64
		{5C594232-1AA6-4489-BCFA-4163EE1C0A65}.Release|ARM64.Build.0 = Release|ARM64
		{5C594232-1AA6-4489-BCFA-4163EE1C0A65}.Release|x64.ActiveCfg = Release|x64
		{5C594232-1AA6-4489-BCFA-4163EE1C0A65}.Release|x64.Build.0 = Release|x64
		{5C594232-1AA6-4489-BCFA-4163EE1C0A65}.Release|x86.ActiveCfg = Release|x86
		{5C594232-1AA6-4489-BCFA-4163EE1C0A65}.Release|x86.Build.0 = Release|x86
		{DF0B4ECC-4A44-4644-812A-9EBF9CE8F12A}.Debug|Any CPU.ActiveCfg = Debug|Any CPU
		{DF0B4ECC-4A44-4644-812A-9EBF9CE8F12A}.Debug|Any CPU.Build.0 = Debug|Any CPU
		{DF0B4ECC-4A44-4644-812A-9EBF9CE8F12A}.Debug|ARM64.ActiveCfg = Debug|Any CPU
		{DF0B4ECC-4A44-4644-812A-9EBF9CE8F12A}.Debug|ARM64.Build.0 = Debug|Any CPU
		{DF0B4ECC-4A44-4644-812A-9EBF9CE8F12A}.Debug|x64.ActiveCfg = Debug|Any CPU
		{DF0B4ECC-4A44-4644-812A-9EBF9CE8F12A}.Debug|x64.Build.0 = Debug|Any CPU
		{DF0B4ECC-4A44-4644-812A-9EBF9CE8F12A}.Debug|x86.ActiveCfg = Debug|Any CPU
		{DF0B4ECC-4A44-4644-812A-9EBF9CE8F12A}.Debug|x86.Build.0 = Debug|Any CPU
		{DF0B4ECC-4A44-4644-812A-9EBF9CE8F12A}.Release|Any CPU.ActiveCfg = Release|Any CPU
		{DF0B4ECC-4A44-4644-812A-9EBF9CE8F12A}.Release|Any CPU.Build.0 = Release|Any CPU
		{DF0B4ECC-4A44-4644-812A-9EBF9CE8F12A}.Release|ARM64.ActiveCfg = Release|Any CPU
		{DF0B4ECC-4A44-4644-812A-9EBF9CE8F12A}.Release|ARM64.Build.0 = Release|Any CPU
		{DF0B4ECC-4A44-4644-812A-9EBF9CE8F12A}.Release|x64.ActiveCfg = Release|Any CPU
		{DF0B4ECC-4A44-4644-812A-9EBF9CE8F12A}.Release|x64.Build.0 = Release|Any CPU
		{DF0B4ECC-4A44-4644-812A-9EBF9CE8F12A}.Release|x86.ActiveCfg = Release|Any CPU
		{DF0B4ECC-4A44-4644-812A-9EBF9CE8F12A}.Release|x86.Build.0 = Release|Any CPU
	EndGlobalSection
	GlobalSection(SolutionProperties) = preSolution
		HideSolutionNode = FALSE
	EndGlobalSection
	GlobalSection(ExtensibilityGlobals) = postSolution
		SolutionGuid = {FE21A6EF-B285-4593-B9F5-CFD1B6FD0820}
	EndGlobalSection
EndGlobal
