
Microsoft Visual Studio Solution File, Format Version 12.00
# Visual Studio Version 17
VisualStudioVersion = 17.3.32922.545
MinimumVisualStudioVersion = 10.0.40219.1
Project("{C7167F0D-BC9F-4E6E-AFE1-012C56B48DB5}") = "OMMS-Connect-Desktop (Package)", "OMMS-Connect-Desktop\OMMS-Connect-Desktop (Package)\OMMS-Connect-Desktop (Package).wapproj", "{1A41F11C-469A-4032-8392-403555C7052C}"
EndProject
Project("{9A19103F-16F7-4668-BE54-9A1E7A4F7556}") = "OMMS-Connect-Desktop", "OMMS-Connect-Desktop\OMMS-Connect-Desktop\OMMS-Connect-Desktop.csproj", "{CB87E007-83E1-4221-9F85-5DC310F7B98F}"
	ProjectSection(ProjectDependencies) = postProject
		{FD5A3269-C82C-4399-B63D-D97564A4644B} = {FD5A3269-C82C-4399-B63D-D97564A4644B}
	EndProjectSection
EndProject
Project("{FAE04EC0-301F-11D3-BF4B-00C04F79EFBC}") = "OMMSClientCoreCSharp", "OMMSClientCoreCSharp\OMMSClientCoreCSharp.csproj", "{FD5A3269-C82C-4399-B63D-D97564A4644B}"
EndProject
Global
	GlobalSection(SolutionConfigurationPlatforms) = preSolution
		Debug|Any CPU = Debug|Any CPU
		Debug|arm64 = Debug|arm64
		Debug|x64 = Debug|x64
		Debug|x86 = Debug|x86
		Release|Any CPU = Release|Any CPU
		Release|arm64 = Release|arm64
		Release|x64 = Release|x64
		Release|x86 = Release|x86
	EndGlobalSection
	GlobalSection(ProjectConfigurationPlatforms) = postSolution
		{1A41F11C-469A-4032-8392-403555C7052C}.Debug|Any CPU.ActiveCfg = Debug|x64
		{1A41F11C-469A-4032-8392-403555C7052C}.Debug|Any CPU.Build.0 = Debug|x64
		{1A41F11C-469A-4032-8392-403555C7052C}.Debug|Any CPU.Deploy.0 = Debug|x64
		{1A41F11C-469A-4032-8392-403555C7052C}.Debug|arm64.ActiveCfg = Debug|arm64
		{1A41F11C-469A-4032-8392-403555C7052C}.Debug|arm64.Build.0 = Debug|arm64
		{1A41F11C-469A-4032-8392-403555C7052C}.Debug|arm64.Deploy.0 = Debug|arm64
		{1A41F11C-469A-4032-8392-403555C7052C}.Debug|x64.ActiveCfg = Debug|x64
		{1A41F11C-469A-4032-8392-403555C7052C}.Debug|x64.Build.0 = Debug|x64
		{1A41F11C-469A-4032-8392-403555C7052C}.Debug|x64.Deploy.0 = Debug|x64
		{1A41F11C-469A-4032-8392-403555C7052C}.Debug|x86.ActiveCfg = Debug|x86
		{1A41F11C-469A-4032-8392-403555C7052C}.Debug|x86.Build.0 = Debug|x86
		{1A41F11C-469A-4032-8392-403555C7052C}.Debug|x86.Deploy.0 = Debug|x86
		{1A41F11C-469A-4032-8392-403555C7052C}.Release|Any CPU.ActiveCfg = Release|x64
		{1A41F11C-469A-4032-8392-403555C7052C}.Release|Any CPU.Build.0 = Release|x64
		{1A41F11C-469A-4032-8392-403555C7052C}.Release|Any CPU.Deploy.0 = Release|x64
		{1A41F11C-469A-4032-8392-403555C7052C}.Release|arm64.ActiveCfg = Release|arm64
		{1A41F11C-469A-4032-8392-403555C7052C}.Release|arm64.Build.0 = Release|arm64
		{1A41F11C-469A-4032-8392-403555C7052C}.Release|arm64.Deploy.0 = Release|arm64
		{1A41F11C-469A-4032-8392-403555C7052C}.Release|x64.ActiveCfg = Release|x64
		{1A41F11C-469A-4032-8392-403555C7052C}.Release|x64.Build.0 = Release|x64
		{1A41F11C-469A-4032-8392-403555C7052C}.Release|x64.Deploy.0 = Release|x64
		{1A41F11C-469A-4032-8392-403555C7052C}.Release|x86.ActiveCfg = Release|x86
		{1A41F11C-469A-4032-8392-403555C7052C}.Release|x86.Build.0 = Release|x86
		{1A41F11C-469A-4032-8392-403555C7052C}.Release|x86.Deploy.0 = Release|x86
		{CB87E007-83E1-4221-9F85-5DC310F7B98F}.Debug|Any CPU.ActiveCfg = Debug|x64
		{CB87E007-83E1-4221-9F85-5DC310F7B98F}.Debug|Any CPU.Build.0 = Debug|x64
		{CB87E007-83E1-4221-9F85-5DC310F7B98F}.Debug|arm64.ActiveCfg = Debug|arm64
		{CB87E007-83E1-4221-9F85-5DC310F7B98F}.Debug|arm64.Build.0 = Debug|arm64
		{CB87E007-83E1-4221-9F85-5DC310F7B98F}.Debug|x64.ActiveCfg = Debug|x64
		{CB87E007-83E1-4221-9F85-5DC310F7B98F}.Debug|x64.Build.0 = Debug|x64
		{CB87E007-83E1-4221-9F85-5DC310F7B98F}.Debug|x86.ActiveCfg = Debug|x86
		{CB87E007-83E1-4221-9F85-5DC310F7B98F}.Debug|x86.Build.0 = Debug|x86
		{CB87E007-83E1-4221-9F85-5DC310F7B98F}.Release|Any CPU.ActiveCfg = Release|x64
		{CB87E007-83E1-4221-9F85-5DC310F7B98F}.Release|Any CPU.Build.0 = Release|x64
		{CB87E007-83E1-4221-9F85-5DC310F7B98F}.Release|arm64.ActiveCfg = Release|arm64
		{CB87E007-83E1-4221-9F85-5DC310F7B98F}.Release|arm64.Build.0 = Release|arm64
		{CB87E007-83E1-4221-9F85-5DC310F7B98F}.Release|x64.ActiveCfg = Release|x64
		{CB87E007-83E1-4221-9F85-5DC310F7B98F}.Release|x64.Build.0 = Release|x64
		{CB87E007-83E1-4221-9F85-5DC310F7B98F}.Release|x86.ActiveCfg = Release|x86
		{CB87E007-83E1-4221-9F85-5DC310F7B98F}.Release|x86.Build.0 = Release|x86
		{FD5A3269-C82C-4399-B63D-D97564A4644B}.Debug|Any CPU.ActiveCfg = Debug|Any CPU
		{FD5A3269-C82C-4399-B63D-D97564A4644B}.Debug|Any CPU.Build.0 = Debug|Any CPU
		{FD5A3269-C82C-4399-B63D-D97564A4644B}.Debug|arm64.ActiveCfg = Debug|Any CPU
		{FD5A3269-C82C-4399-B63D-D97564A4644B}.Debug|arm64.Build.0 = Debug|Any CPU
		{FD5A3269-C82C-4399-B63D-D97564A4644B}.Debug|x64.ActiveCfg = Debug|Any CPU
		{FD5A3269-C82C-4399-B63D-D97564A4644B}.Debug|x64.Build.0 = Debug|Any CPU
		{FD5A3269-C82C-4399-B63D-D97564A4644B}.Debug|x86.ActiveCfg = Debug|Any CPU
		{FD5A3269-C82C-4399-B63D-D97564A4644B}.Debug|x86.Build.0 = Debug|Any CPU
		{FD5A3269-C82C-4399-B63D-D97564A4644B}.Release|Any CPU.ActiveCfg = Release|Any CPU
		{FD5A3269-C82C-4399-B63D-D97564A4644B}.Release|Any CPU.Build.0 = Release|Any CPU
		{FD5A3269-C82C-4399-B63D-D97564A4644B}.Release|arm64.ActiveCfg = Release|Any CPU
		{FD5A3269-C82C-4399-B63D-D97564A4644B}.Release|arm64.Build.0 = Release|Any CPU
		{FD5A3269-C82C-4399-B63D-D97564A4644B}.Release|x64.ActiveCfg = Release|Any CPU
		{FD5A3269-C82C-4399-B63D-D97564A4644B}.Release|x64.Build.0 = Release|Any CPU
		{FD5A3269-C82C-4399-B63D-D97564A4644B}.Release|x86.ActiveCfg = Release|Any CPU
		{FD5A3269-C82C-4399-B63D-D97564A4644B}.Release|x86.Build.0 = Release|Any CPU
	EndGlobalSection
	GlobalSection(SolutionProperties) = preSolution
		HideSolutionNode = FALSE
	EndGlobalSection
	GlobalSection(ExtensibilityGlobals) = postSolution
		SolutionGuid = {3DCFD3D7-961B-4646-B691-B90B40675EEF}
	EndGlobalSection
EndGlobal
